github.com/theobitoproject/kankuro v1.10.1 h1:rWN4pGj6XkvBdkp0mJg6TwiVtBc49gNiKp1FVp9Yn7A=
github.com/theobitoproject/kankuro v1.10.1/go.mod h1:8wn75fOD7ZjODEPYO+2r79OxBlEJUMXsub3YNBNp7mI=
github.com/theobitoproject/kankuro v1.18.1 h1:zQ3u/TWgcLJoyG26mhk1w8fofbf0kaFb8yObWR77J1s=
github.com/theobitoproject/kankuro v1.18.1/go.mod h1:zG4n3qil92RIjQvXqe57yrliflASx+3zgRBCl2hAhrA=
github.com/theobitoproject/kankuro v1.20.0 h1:k6M4pdo2MmqMfBM49To8Bvz1Ts034NLxkXAmbw4S1ZA=
github.com/theobitoproject/kankuro v1.20.0/go.mod h1:zG4n3qil92RIjQvXqe57yrliflASx+3zgRBCl2hAhrA=
